
Microsoft Visual Studio Solution File, Format Version 12.00
# Visual Studio 15
VisualStudioVersion = 15.0.28307.106
MinimumVisualStudioVersion = 10.0.40219.1
Project("{9A19103F-16F7-4668-BE54-9A1E7A4F7556}") = "YieldsApp.Identification", "YieldsApp\YieldsApp.Identification.csproj", "{A6683734-CAA6-4C28-B5C2-58992DD2D19C}"
EndProject
Project("{FAE04EC0-301F-11D3-BF4B-00C04F79EFBC}") = "YieldsApp.Management", "YieldsApp.Management\YieldsApp.Management.csproj", "{DA4E3F97-FB83-4060-A9CC-7D9697441210}"
EndProject
Project("{FAE04EC0-301F-11D3-BF4B-00C04F79EFBC}") = "YieldsApp.DAL", "YieldsApp.DAL\YieldsApp.DAL.csproj", "{4902CDF6-E3BF-4787-9E2C-518F24A244E0}"
EndProject
Global
	GlobalSection(SolutionConfigurationPlatforms) = preSolution
		Debug|Any CPU = Debug|Any CPU
		Release|Any CPU = Release|Any CPU
	EndGlobalSection
	GlobalSection(ProjectConfigurationPlatforms) = postSolution
		{A6683734-CAA6-4C28-B5C2-58992DD2D19C}.Debug|Any CPU.ActiveCfg = Debug|Any CPU
		{A6683734-CAA6-4C28-B5C2-58992DD2D19C}.Debug|Any CPU.Build.0 = Debug|Any CPU
		{A6683734-CAA6-4C28-B5C2-58992DD2D19C}.Release|Any CPU.ActiveCfg = Release|Any CPU
		{A6683734-CAA6-4C28-B5C2-58992DD2D19C}.Release|Any CPU.Build.0 = Release|Any CPU
		{DA4E3F97-FB83-4060-A9CC-7D9697441210}.Debug|Any CPU.ActiveCfg = Debug|Any CPU
		{DA4E3F97-FB83-4060-A9CC-7D9697441210}.Debug|Any CPU.Build.0 = Debug|Any CPU
		{DA4E3F97-FB83-4060-A9CC-7D9697441210}.Release|Any CPU.ActiveCfg = Release|Any CPU
		{DA4E3F97-FB83-4060-A9CC-7D9697441210}.Release|Any CPU.Build.0 = Release|Any CPU
		{4902CDF6-E3BF-4787-9E2C-518F24A244E0}.Debug|Any CPU.ActiveCfg = Debug|Any CPU
		{4902CDF6-E3BF-4787-9E2C-518F24A244E0}.Debug|Any CPU.Build.0 = Debug|Any CPU
		{4902CDF6-E3BF-4787-9E2C-518F24A244E0}.Release|Any CPU.ActiveCfg = Release|Any CPU
		{4902CDF6-E3BF-4787-9E2C-518F24A244E0}.Release|Any CPU.Build.0 = Release|Any CPU
	EndGlobalSection
	GlobalSection(SolutionProperties) = preSolution
		HideSolutionNode = FALSE
	EndGlobalSection
	GlobalSection(ExtensibilityGlobals) = postSolution
		SolutionGuid = {C7E8F3E6-199E-4150-9218-DD1C712B8B9B}
	EndGlobalSection
EndGlobal
